
Microsoft Visual Studio Solution File, Format Version 12.00
# Visual Studio 15
VisualStudioVersion = 15.0.26403.7
MinimumVisualStudioVersion = 10.0.40219.1
Project("{FAE04EC0-301F-11D3-BF4B-00C04F79EFBC}") = "Countrys.Android", "Countrys\Countrys.Android\Countrys.Android.csproj", "{717E60A4-A663-4845-8986-8DAA045DBC42}"
EndProject
Project("{FAE04EC0-301F-11D3-BF4B-00C04F79EFBC}") = "Countrys", "Countrys\Countrys\Countrys.csproj", "{400797F7-D11C-4229-9E9D-35CAE6EB7C41}"
EndProject
Project("{FAE04EC0-301F-11D3-BF4B-00C04F79EFBC}") = "Countrys.iOS", "Countrys\Countrys.iOS\Countrys.iOS.csproj", "{7B996886-E407-407F-BC58-3F10E8A77C9D}"
EndProject
Project("{FAE04EC0-301F-11D3-BF4B-00C04F79EFBC}") = "Countrys.Domain", "Countrys.Domain\Countrys.Domain.csproj", "{EE2140C3-2932-48D4-95A5-CC32CC00017A}"
EndProject
Project("{FAE04EC0-301F-11D3-BF4B-00C04F79EFBC}") = "Countrys.Backend", "Countrys.Backend\Countrys.Backend.csproj", "{19667E2E-B2E3-4474-9B9A-5E59844E4B65}"
EndProject
Project("{FAE04EC0-301F-11D3-BF4B-00C04F79EFBC}") = "Countrys.API", "Countrys.API\Countrys.API.csproj", "{08E6188C-2878-4F75-854E-773BF63D4FC1}"
EndProject
Global
	GlobalSection(SolutionConfigurationPlatforms) = preSolution
		Ad-Hoc|Any CPU = Ad-Hoc|Any CPU
		Ad-Hoc|iPhone = Ad-Hoc|iPhone
		Ad-Hoc|iPhoneSimulator = Ad-Hoc|iPhoneSimulator
		AppStore|Any CPU = AppStore|Any CPU
		AppStore|iPhone = AppStore|iPhone
		AppStore|iPhoneSimulator = AppStore|iPhoneSimulator
		Debug|Any CPU = Debug|Any CPU
		Debug|iPhone = Debug|iPhone
		Debug|iPhoneSimulator = Debug|iPhoneSimulator
		Release|Any CPU = Release|Any CPU
		Release|iPhone = Release|iPhone
		Release|iPhoneSimulator = Release|iPhoneSimulator
	EndGlobalSection
	GlobalSection(ProjectConfigurationPlatforms) = postSolution
		{717E60A4-A663-4845-8986-8DAA045DBC42}.Ad-Hoc|Any CPU.ActiveCfg = Release|Any CPU
		{717E60A4-A663-4845-8986-8DAA045DBC42}.Ad-Hoc|Any CPU.Build.0 = Release|Any CPU
		{717E60A4-A663-4845-8986-8DAA045DBC42}.Ad-Hoc|Any CPU.Deploy.0 = Release|Any CPU
		{717E60A4-A663-4845-8986-8DAA045DBC42}.Ad-Hoc|iPhone.ActiveCfg = Release|Any CPU
		{717E60A4-A663-4845-8986-8DAA045DBC42}.Ad-Hoc|iPhone.Build.0 = Release|Any CPU
		{717E60A4-A663-4845-8986-8DAA045DBC42}.Ad-Hoc|iPhone.Deploy.0 = Release|Any CPU
		{717E60A4-A663-4845-8986-8DAA045DBC42}.Ad-Hoc|iPhoneSimulator.ActiveCfg = Release|Any CPU
		{717E60A4-A663-4845-8986-8DAA045DBC42}.Ad-Hoc|iPhoneSimulator.Build.0 = Release|Any CPU
		{717E60A4-A663-4845-8986-8DAA045DBC42}.Ad-Hoc|iPhoneSimulator.Deploy.0 = Release|Any CPU
		{717E60A4-A663-4845-8986-8DAA045DBC42}.AppStore|Any CPU.ActiveCfg = Release|Any CPU
		{717E60A4-A663-4845-8986-8DAA045DBC42}.AppStore|Any CPU.Build.0 = Release|Any CPU
		{717E60A4-A663-4845-8986-8DAA045DBC42}.AppStore|Any CPU.Deploy.0 = Release|Any CPU
		{717E60A4-A663-4845-8986-8DAA045DBC42}.AppStore|iPhone.ActiveCfg = Release|Any CPU
		{717E60A4-A663-4845-8986-8DAA045DBC42}.AppStore|iPhone.Build.0 = Release|Any CPU
		{717E60A4-A663-4845-8986-8DAA045DBC42}.AppStore|iPhone.Deploy.0 = Release|Any CPU
		{717E60A4-A663-4845-8986-8DAA045DBC42}.AppStore|iPhoneSimulator.ActiveCfg = Release|Any CPU
		{717E60A4-A663-4845-8986-8DAA045DBC42}.AppStore|iPhoneSimulator.Build.0 = Release|Any CPU
		{717E60A4-A663-4845-8986-8DAA045DBC42}.AppStore|iPhoneSimulator.Deploy.0 = Release|Any CPU
		{717E60A4-A663-4845-8986-8DAA045DBC42}.Debug|Any CPU.ActiveCfg = Debug|Any CPU
		{717E60A4-A663-4845-8986-8DAA045DBC42}.Debug|Any CPU.Build.0 = Debug|Any CPU
		{717E60A4-A663-4845-8986-8DAA045DBC42}.Debug|Any CPU.Deploy.0 = Debug|Any CPU
		{717E60A4-A663-4845-8986-8DAA045DBC42}.Debug|iPhone.ActiveCfg = Debug|Any CPU
		{717E60A4-A663-4845-8986-8DAA045DBC42}.Debug|iPhone.Build.0 = Debug|Any CPU
		{717E60A4-A663-4845-8986-8DAA045DBC42}.Debug|iPhone.Deploy.0 = Debug|Any CPU
		{717E60A4-A663-4845-8986-8DAA045DBC42}.Debug|iPhoneSimulator.ActiveCfg = Debug|Any CPU
		{717E60A4-A663-4845-8986-8DAA045DBC42}.Debug|iPhoneSimulator.Build.0 = Debug|Any CPU
		{717E60A4-A663-4845-8986-8DAA045DBC42}.Debug|iPhoneSimulator.Deploy.0 = Debug|Any CPU
		{717E60A4-A663-4845-8986-8DAA045DBC42}.Release|Any CPU.ActiveCfg = Release|Any CPU
		{717E60A4-A663-4845-8986-8DAA045DBC42}.Release|Any CPU.Build.0 = Release|Any CPU
		{717E60A4-A663-4845-8986-8DAA045DBC42}.Release|Any CPU.Deploy.0 = Release|Any CPU
		{717E60A4-A663-4845-8986-8DAA045DBC42}.Release|iPhone.ActiveCfg = Release|Any CPU
		{717E60A4-A663-4845-8986-8DAA045DBC42}.Release|iPhone.Build.0 = Release|Any CPU
		{717E60A4-A663-4845-8986-8DAA045DBC42}.Release|iPhone.Deploy.0 = Release|Any CPU
		{717E60A4-A663-4845-8986-8DAA045DBC42}.Release|iPhoneSimulator.ActiveCfg = Release|Any CPU
		{717E60A4-A663-4845-8986-8DAA045DBC42}.Release|iPhoneSimulator.Build.0 = Release|Any CPU
		{717E60A4-A663-4845-8986-8DAA045DBC42}.Release|iPhoneSimulator.Deploy.0 = Release|Any CPU
		{400797F7-D11C-4229-9E9D-35CAE6EB7C41}.Ad-Hoc|Any CPU.ActiveCfg = Release|Any CPU
		{400797F7-D11C-4229-9E9D-35CAE6EB7C41}.Ad-Hoc|Any CPU.Build.0 = Release|Any CPU
		{400797F7-D11C-4229-9E9D-35CAE6EB7C41}.Ad-Hoc|iPhone.ActiveCfg = Release|Any CPU
		{400797F7-D11C-4229-9E9D-35CAE6EB7C41}.Ad-Hoc|iPhone.Build.0 = Release|Any CPU
		{400797F7-D11C-4229-9E9D-35CAE6EB7C41}.Ad-Hoc|iPhoneSimulator.ActiveCfg = Release|Any CPU
		{400797F7-D11C-4229-9E9D-35CAE6EB7C41}.Ad-Hoc|iPhoneSimulator.Build.0 = Release|Any CPU
		{400797F7-D11C-4229-9E9D-35CAE6EB7C41}.AppStore|Any CPU.ActiveCfg = Release|Any CPU
		{400797F7-D11C-4229-9E9D-35CAE6EB7C41}.AppStore|Any CPU.Build.0 = Release|Any CPU
		{400797F7-D11C-4229-9E9D-35CAE6EB7C41}.AppStore|iPhone.ActiveCfg = Release|Any CPU
		{400797F7-D11C-4229-9E9D-35CAE6EB7C41}.AppStore|iPhone.Build.0 = Release|Any CPU
		{400797F7-D11C-4229-9E9D-35CAE6EB7C41}.AppStore|iPhoneSimulator.ActiveCfg = Release|Any CPU
		{400797F7-D11C-4229-9E9D-35CAE6EB7C41}.AppStore|iPhoneSimulator.Build.0 = Release|Any CPU
		{400797F7-D11C-4229-9E9D-35CAE6EB7C41}.Debug|Any CPU.ActiveCfg = Debug|Any CPU
		{400797F7-D11C-4229-9E9D-35CAE6EB7C41}.Debug|Any CPU.Build.0 = Debug|Any CPU
		{400797F7-D11C-4229-9E9D-35CAE6EB7C41}.Debug|iPhone.ActiveCfg = Debug|Any CPU
		{400797F7-D11C-4229-9E9D-35CAE6EB7C41}.Debug|iPhone.Build.0 = Debug|Any CPU
		{400797F7-D11C-4229-9E9D-35CAE6EB7C41}.Debug|iPhoneSimulator.ActiveCfg = Debug|Any CPU
		{400797F7-D11C-4229-9E9D-35CAE6EB7C41}.Debug|iPhoneSimulator.Build.0 = Debug|Any CPU
		{400797F7-D11C-4229-9E9D-35CAE6EB7C41}.Release|Any CPU.ActiveCfg = Release|Any CPU
		{400797F7-D11C-4229-9E9D-35CAE6EB7C41}.Release|Any CPU.Build.0 = Release|Any CPU
		{400797F7-D11C-4229-9E9D-35CAE6EB7C41}.Release|iPhone.ActiveCfg = Release|Any CPU
		{400797F7-D11C-4229-9E9D-35CAE6EB7C41}.Release|iPhone.Build.0 = Release|Any CPU
		{400797F7-D11C-4229-9E9D-35CAE6EB7C41}.Release|iPhoneSimulator.ActiveCfg = Release|Any CPU
		{400797F7-D11C-4229-9E9D-35CAE6EB7C41}.Release|iPhoneSimulator.Build.0 = Release|Any CPU
		{7B996886-E407-407F-BC58-3F10E8A77C9D}.Ad-Hoc|Any CPU.ActiveCfg = Ad-Hoc|iPhone
		{7B996886-E407-407F-BC58-3F10E8A77C9D}.Ad-Hoc|iPhone.ActiveCfg = Ad-Hoc|iPhone
		{7B996886-E407-407F-BC58-3F10E8A77C9D}.Ad-Hoc|iPhone.Build.0 = Ad-Hoc|iPhone
		{7B996886-E407-407F-BC58-3F10E8A77C9D}.Ad-Hoc|iPhoneSimulator.ActiveCfg = Ad-Hoc|iPhoneSimulator
		{7B996886-E407-407F-BC58-3F10E8A77C9D}.Ad-Hoc|iPhoneSimulator.Build.0 = Ad-Hoc|iPhoneSimulator
		{7B996886-E407-407F-BC58-3F10E8A77C9D}.AppStore|Any CPU.ActiveCfg = AppStore|iPhone
		{7B996886-E407-407F-BC58-3F10E8A77C9D}.AppStore|iPhone.ActiveCfg = AppStore|iPhone
		{7B996886-E407-407F-BC58-3F10E8A77C9D}.AppStore|iPhone.Build.0 = AppStore|iPhone
		{7B996886-E407-407F-BC58-3F10E8A77C9D}.AppStore|iPhoneSimulator.ActiveCfg = AppStore|iPhoneSimulator
		{7B996886-E407-407F-BC58-3F10E8A77C9D}.AppStore|iPhoneSimulator.Build.0 = AppStore|iPhoneSimulator
		{7B996886-E407-407F-BC58-3F10E8A77C9D}.Debug|Any CPU.ActiveCfg = Debug|iPhone
		{7B996886-E407-407F-BC58-3F10E8A77C9D}.Debug|iPhone.ActiveCfg = Debug|iPhone
		{7B996886-E407-407F-BC58-3F10E8A77C9D}.Debug|iPhone.Build.0 = Debug|iPhone
		{7B996886-E407-407F-BC58-3F10E8A77C9D}.Debug|iPhoneSimulator.ActiveCfg = Debug|iPhoneSimulator
		{7B996886-E407-407F-BC58-3F10E8A77C9D}.Debug|iPhoneSimulator.Build.0 = Debug|iPhoneSimulator
		{7B996886-E407-407F-BC58-3F10E8A77C9D}.Release|Any CPU.ActiveCfg = Release|iPhone
		{7B996886-E407-407F-BC58-3F10E8A77C9D}.Release|iPhone.ActiveCfg = Release|iPhone
		{7B996886-E407-407F-BC58-3F10E8A77C9D}.Release|iPhone.Build.0 = Release|iPhone
		{7B996886-E407-407F-BC58-3F10E8A77C9D}.Release|iPhoneSimulator.ActiveCfg = Release|iPhoneSimulator
		{7B996886-E407-407F-BC58-3F10E8A77C9D}.Release|iPhoneSimulator.Build.0 = Release|iPhoneSimulator
		{EE2140C3-2932-48D4-95A5-CC32CC00017A}.Ad-Hoc|Any CPU.ActiveCfg = Release|Any CPU
		{EE2140C3-2932-48D4-95A5-CC32CC00017A}.Ad-Hoc|Any CPU.Build.0 = Release|Any CPU
		{EE2140C3-2932-48D4-95A5-CC32CC00017A}.Ad-Hoc|iPhone.ActiveCfg = Release|Any CPU
		{EE2140C3-2932-48D4-95A5-CC32CC00017A}.Ad-Hoc|iPhone.Build.0 = Release|Any CPU
		{EE2140C3-2932-48D4-95A5-CC32CC00017A}.Ad-Hoc|iPhoneSimulator.ActiveCfg = Release|Any CPU
		{EE2140C3-2932-48D4-95A5-CC32CC00017A}.Ad-Hoc|iPhoneSimulator.Build.0 = Release|Any CPU
		{EE2140C3-2932-48D4-95A5-CC32CC00017A}.AppStore|Any CPU.ActiveCfg = Release|Any CPU
		{EE2140C3-2932-48D4-95A5-CC32CC00017A}.AppStore|Any CPU.Build.0 = Release|Any CPU
		{EE2140C3-2932-48D4-95A5-CC32CC00017A}.AppStore|iPhone.ActiveCfg = Release|Any CPU
		{EE2140C3-2932-48D4-95A5-CC32CC00017A}.AppStore|iPhone.Build.0 = Release|Any CPU
		{EE2140C3-2932-48D4-95A5-CC32CC00017A}.AppStore|iPhoneSimulator.ActiveCfg = Release|Any CPU
		{EE2140C3-2932-48D4-95A5-CC32CC00017A}.AppStore|iPhoneSimulator.Build.0 = Release|Any CPU
		{EE2140C3-2932-48D4-95A5-CC32CC00017A}.Debug|Any CPU.ActiveCfg = Debug|Any CPU
		{EE2140C3-2932-48D4-95A5-CC32CC00017A}.Debug|Any CPU.Build.0 = Debug|Any CPU
		{EE2140C3-2932-48D4-95A5-CC32CC00017A}.Debug|iPhone.ActiveCfg = Debug|Any CPU
		{EE2140C3-2932-48D4-95A5-CC32CC00017A}.Debug|iPhone.Build.0 = Debug|Any CPU
		{EE2140C3-2932-48D4-95A5-CC32CC00017A}.Debug|iPhoneSimulator.ActiveCfg = Debug|Any CPU
		{EE2140C3-2932-48D4-95A5-CC32CC00017A}.Debug|iPhoneSimulator.Build.0 = Debug|Any CPU
		{EE2140C3-2932-48D4-95A5-CC32CC00017A}.Release|Any CPU.ActiveCfg = Release|Any CPU
		{EE2140C3-2932-48D4-95A5-CC32CC00017A}.Release|Any CPU.Build.0 = Release|Any CPU
		{EE2140C3-2932-48D4-95A5-CC32CC00017A}.Release|iPhone.ActiveCfg = Release|Any CPU
		{EE2140C3-2932-48D4-95A5-CC32CC00017A}.Release|iPhone.Build.0 = Release|Any CPU
		{EE2140C3-2932-48D4-95A5-CC32CC00017A}.Release|iPhoneSimulator.ActiveCfg = Release|Any CPU
		{EE2140C3-2932-48D4-95A5-CC32CC00017A}.Release|iPhoneSimulator.Build.0 = Release|Any CPU
		{19667E2E-B2E3-4474-9B9A-5E59844E4B65}.Ad-Hoc|Any CPU.ActiveCfg = Release|Any CPU
		{19667E2E-B2E3-4474-9B9A-5E59844E4B65}.Ad-Hoc|Any CPU.Build.0 = Release|Any CPU
		{19667E2E-B2E3-4474-9B9A-5E59844E4B65}.Ad-Hoc|iPhone.ActiveCfg = Release|Any CPU
		{19667E2E-B2E3-4474-9B9A-5E59844E4B65}.Ad-Hoc|iPhone.Build.0 = Release|Any CPU
		{19667E2E-B2E3-4474-9B9A-5E59844E4B65}.Ad-Hoc|iPhoneSimulator.ActiveCfg = Release|Any CPU
		{19667E2E-B2E3-4474-9B9A-5E59844E4B65}.Ad-Hoc|iPhoneSimulator.Build.0 = Release|Any CPU
		{19667E2E-B2E3-4474-9B9A-5E59844E4B65}.AppStore|Any CPU.ActiveCfg = Release|Any CPU
		{19667E2E-B2E3-4474-9B9A-5E59844E4B65}.AppStore|Any CPU.Build.0 = Release|Any CPU
		{19667E2E-B2E3-4474-9B9A-5E59844E4B65}.AppStore|iPhone.ActiveCfg = Release|Any CPU
		{19667E2E-B2E3-4474-9B9A-5E59844E4B65}.AppStore|iPhone.Build.0 = Release|Any CPU
		{19667E2E-B2E3-4474-9B9A-5E59844E4B65}.AppStore|iPhoneSimulator.ActiveCfg = Release|Any CPU
		{19667E2E-B2E3-4474-9B9A-5E59844E4B65}.AppStore|iPhoneSimulator.Build.0 = Release|Any CPU
		{19667E2E-B2E3-4474-9B9A-5E59844E4B65}.Debug|Any CPU.ActiveCfg = Debug|Any CPU
		{19667E2E-B2E3-4474-9B9A-5E59844E4B65}.Debug|Any CPU.Build.0 = Debug|Any CPU
		{19667E2E-B2E3-4474-9B9A-5E59844E4B65}.Debug|iPhone.ActiveCfg = Debug|Any CPU
		{19667E2E-B2E3-4474-9B9A-5E59844E4B65}.Debug|iPhone.Build.0 = Debug|Any CPU
		{19667E2E-B2E3-4474-9B9A-5E59844E4B65}.Debug|iPhoneSimulator.ActiveCfg = Debug|Any CPU
		{19667E2E-B2E3-4474-9B9A-5E59844E4B65}.Debug|iPhoneSimulator.Build.0 = Debug|Any CPU
		{19667E2E-B2E3-4474-9B9A-5E59844E4B65}.Release|Any CPU.ActiveCfg = Release|Any CPU
		{19667E2E-B2E3-4474-9B9A-5E59844E4B65}.Release|Any CPU.Build.0 = Release|Any CPU
		{19667E2E-B2E3-4474-9B9A-5E59844E4B65}.Release|iPhone.ActiveCfg = Release|Any CPU
		{19667E2E-B2E3-4474-9B9A-5E59844E4B65}.Release|iPhone.Build.0 = Release|Any CPU
		{19667E2E-B2E3-4474-9B9A-5E59844E4B65}.Release|iPhoneSimulator.ActiveCfg = Release|Any CPU
		{19667E2E-B2E3-4474-9B9A-5E59844E4B65}.Release|iPhoneSimulator.Build.0 = Release|Any CPU
		{08E6188C-2878-4F75-854E-773BF63D4FC1}.Ad-Hoc|Any CPU.ActiveCfg = Release|Any CPU
		{08E6188C-2878-4F75-854E-773BF63D4FC1}.Ad-Hoc|Any CPU.Build.0 = Release|Any CPU
		{08E6188C-2878-4F75-854E-773BF63D4FC1}.Ad-Hoc|iPhone.ActiveCfg = Release|Any CPU
		{08E6188C-2878-4F75-854E-773BF63D4FC1}.Ad-Hoc|iPhone.Build.0 = Release|Any CPU
		{08E6188C-2878-4F75-854E-773BF63D4FC1}.Ad-Hoc|iPhoneSimulator.ActiveCfg = Release|Any CPU
		{08E6188C-2878-4F75-854E-773BF63D4FC1}.Ad-Hoc|iPhoneSimulator.Build.0 = Release|Any CPU
		{08E6188C-2878-4F75-854E-773BF63D4FC1}.AppStore|Any CPU.ActiveCfg = Release|Any CPU
		{08E6188C-2878-4F75-854E-773BF63D4FC1}.AppStore|Any CPU.Build.0 = Release|Any CPU
		{08E6188C-2878-4F75-854E-773BF63D4FC1}.AppStore|iPhone.ActiveCfg = Release|Any CPU
		{08E6188C-2878-4F75-854E-773BF63D4FC1}.AppStore|iPhone.Build.0 = Release|Any CPU
		{08E6188C-2878-4F75-854E-773BF63D4FC1}.AppStore|iPhoneSimulator.ActiveCfg = Release|Any CPU
		{08E6188C-2878-4F75-854E-773BF63D4FC1}.AppStore|iPhoneSimulator.Build.0 = Release|Any CPU
		{08E6188C-2878-4F75-854E-773BF63D4FC1}.Debug|Any CPU.ActiveCfg = Debug|Any CPU
		{08E6188C-2878-4F75-854E-773BF63D4FC1}.Debug|Any CPU.Build.0 = Debug|Any CPU
		{08E6188C-2878-4F75-854E-773BF63D4FC1}.Debug|iPhone.ActiveCfg = Debug|Any CPU
		{08E6188C-2878-4F75-854E-773BF63D4FC1}.Debug|iPhone.Build.0 = Debug|Any CPU
		{08E6188C-2878-4F75-854E-773BF63D4FC1}.Debug|iPhoneSimulator.ActiveCfg = Debug|Any CPU
		{08E6188C-2878-4F75-854E-773BF63D4FC1}.Debug|iPhoneSimulator.Build.0 = Debug|Any CPU
		{08E6188C-2878-4F75-854E-773BF63D4FC1}.Release|Any CPU.ActiveCfg = Release|Any CPU
		{08E6188C-2878-4F75-854E-773BF63D4FC1}.Release|Any CPU.Build.0 = Release|Any CPU
		{08E6188C-2878-4F75-854E-773BF63D4FC1}.Release|iPhone.ActiveCfg = Release|Any CPU
		{08E6188C-2878-4F75-854E-773BF63D4FC1}.Release|iPhone.Build.0 = Release|Any CPU
		{08E6188C-2878-4F75-854E-773BF63D4FC1}.Release|iPhoneSimulator.ActiveCfg = Release|Any CPU
		{08E6188C-2878-4F75-854E-773BF63D4FC1}.Release|iPhoneSimulator.Build.0 = Release|Any CPU
	EndGlobalSection
	GlobalSection(SolutionProperties) = preSolution
		HideSolutionNode = FALSE
	EndGlobalSection
EndGlobal
